dependencies:
  espressif/mdns:
    component_hash: 29e47564b1a7ee778135e17fbbf2a2773f71c97ebabfe626c8eda7c958a7ad16
    dependencies:
    - name: idf
      require: private
      version: '>=5.0'
    source:
      registry_url: https://components.espressif.com/
      type: service
    version: 1.9.1
  idf:
    source:
      type: idf
    version: 5.5.0
direct_dependencies:
- espressif/mdns
- idf
manifest_hash: cc549569a62e00c58b54418c0406d21932e04182c02a933f62efb8173f8d554d
target: esp32c3
version: 2.0.0
